// !$*UTF8*$!
{
	archiveVersion = 1;
	classes = {
	};
	objectVersion = 46;
	objects = {

/* Begin PBXBuildFile section */
		E0DA3A871D5E707700E639E9 /* AppDelegate.swift in Sources */ = {isa = PBXBuildFile; fileRef = E0DA3A861D5E707700E639E9 /* AppDelegate.swift */; };
		E0DA3A891D5E707700E639E9 /* ViewController.swift in Sources */ = {isa = PBXBuildFile; fileRef = E0DA3A881D5E707700E639E9 /* ViewController.swift */; };
		E0DA3A8C1D5E707700E639E9 /* Main.storyboard in Resources */ = {isa = PBXBuildFile; fileRef = E0DA3A8A1D5E707700E639E9 /* Main.storyboard */; };
		E0DA3A8E1D5E707700E639E9 /* Assets.xcassets in Resources */ = {isa = PBXBuildFile; fileRef = E0DA3A8D1D5E707700E639E9 /* Assets.xcassets */; };
		E0DA3A911D5E707700E639E9 /* LaunchScreen.storyboard in Resources */ = {isa = PBXBuildFile; fileRef = E0DA3A8F1D5E707700E639E9 /* LaunchScreen.storyboard */; };
/* End PBXBuildFile section */

/* Begin PBXFileReference section */
		E0DA3A831D5E707700E639E9 /* UpcomingMetalShows.app */ = {isa = PBXFileReference; explicitFileType = wrapper.application; includeInIndex = 0; path = UpcomingMetalShows.app; sourceTree = BUILT_PRODUCTS_DIR; };
		E0DA3A861D5E707700E639E9 /* AppDelegate.swift */ = {isa = PBXFileReference; lastKnownFileType = sourcecode.swift; path = AppDelegate.swift; sourceTree = "<group>"; };
		E0DA3A881D5E707700E639E9 /* ViewController.swift */ = {isa = PBXFileReference; lastKnownFileType = sourcecode.swift; path = ViewController.swift; sourceTree = "<group>"; };
		E0DA3A8B1D5E707700E639E9 /* Base */ = {isa = PBXFileReference; lastKnownFileType = file.storyboard; name = Base; path = Base.lproj/Main.storyboard; sourceTree = "<group>"; };
		E0DA3A8D1D5E707700E639E9 /* Assets.xcassets */ = {isa = PBXFileReference; lastKnownFileType = folder.assetcatalog; path = Assets.xcassets; sourceTree = "<group>"; };
		E0DA3A901D5E707700E639E9 /* Base */ = {isa = PBXFileReference; lastKnownFileType = file.storyboard; name = Base; path = Base.lproj/LaunchScreen.storyboard; sourceTree = "<group>"; };
		E0DA3A921D5E707700E639E9 /* Info.plist */ = {isa = PBXFileReference; lastKnownFileType = text.plist.xml; path = Info.plist; sourceTree = "<group>"; };
/* End PBXFileReference section */

/* Begin PBXFrameworksBuildPhase section */
		E0DA3A801D5E707700E639E9 /* Frameworks */ = {
			isa = PBXFrameworksBuildPhase;
			buildActionMask = 2147483647;
			files = (
			);
			runOnlyForDeploymentPostprocessing = 0;
		};
/* End PBXFrameworksBuildPhase section */

/* Begin PBXGroup section */
		E0DA3A7A1D5E707700E639E9 = {
			isa = PBXGroup;
			children = (
				E0DA3A851D5E707700E639E9 /* UpcomingMetalShows */,
				E0DA3A841D5E707700E639E9 /* Products */,
			);
			sourceTree = "<group>";
		};
		E0DA3A841D5E707700E639E9 /* Products */ = {
			isa = PBXGroup;
			children = (
				E0DA3A831D5E707700E639E9 /* UpcomingMetalShows.app */,
			);
			name = Products;
			sourceTree = "<group>";
		};
		E0DA3A851D5E707700E639E9 /* UpcomingMetalShows */ = {
			isa = PBXGroup;
			children = (
				E0DA3A861D5E707700E639E9 /* AppDelegate.swift */,
				E0DA3A881D5E707700E639E9 /* ViewController.swift */,
				E0DA3A8A1D5E707700E639E9 /* Main.storyboard */,
				E0DA3A8D1D5E707700E639E9 /* Assets.xcassets */,
				E0DA3A8F1D5E707700E639E9 /* LaunchScreen.storyboard */,
				E0DA3A921D5E707700E639E9 /* Info.plist */,
			);
			path = UpcomingMetalShows;
			sourceTree = "<group>";
		};
/* End PBXGroup section */

/* Begin PBXNativeTarget section */
		E0DA3A821D5E707700E639E9 /* UpcomingMetalShows */ = {
			isa = PBXNativeTarget;
			buildConfigurationList = E0DA3A951D5E707700E639E9 /* Build configuration list for PBXNativeTarget "UpcomingMetalShows" */;
			buildPhases = (
				E0DA3A7F1D5E707700E639E9 /* Sources */,
				E0DA3A801D5E707700E639E9 /* Frameworks */,
				E0DA3A811D5E707700E639E9 /* Resources */,
			);
			buildRules = (
			);
			dependencies = (
			);
			name = UpcomingMetalShows;
			productName = UpcomingMetalShows;
			productReference = E0DA3A831D5E707700E639E9 /* UpcomingMetalShows.app */;
			productType = "com.apple.product-type.application";
		};
/* End PBXNativeTarget section */

/* Begin PBXProject section */
		E0DA3A7B1D5E707700E639E9 /* Project object */ = {
			isa = PBXProject;
			attributes = {
				LastSwiftUpdateCheck = 0730;
				LastUpgradeCheck = 0730;
				ORGANIZATIONNAME = "Sam Agnew";
				TargetAttributes = {
					E0DA3A821D5E707700E639E9 = {
						CreatedOnToolsVersion = 7.3;
					};
				};
			};
			buildConfigurationList = E0DA3A7E1D5E707700E639E9 /* Build configuration list for PBXProject "UpcomingMetalShows" */;
			compatibilityVersion = "Xcode 3.2";
			developmentRegion = English;
			hasScannedForEncodings = 0;
			knownRegions = (
				en,
				Base,
			);
			mainGroup = E0DA3A7A1D5E707700E639E9;
			productRefGroup = E0DA3A841D5E707700E639E9 /* Products */;
			projectDirPath = "";
			projectRoot = "";
			targets = (
				E0DA3A821D5E707700E639E9 /* UpcomingMetalShows */,
			);
		};
/* End PBXProject section */

/* Begin PBXResourcesBuildPhase section */
		E0DA3A811D5E707700E639E9 /* Resources */ = {
			isa = PBXResourcesBuildPhase;
			buildActionMask = 2147483647;
			files = (
				E0DA3A911D5E707700E639E9 /* LaunchScreen.storyboard in Resources */,
				E0DA3A8E1D5E707700E639E9 /* Assets.xcassets in Resources */,
				E0DA3A8C1D5E707700E639E9 /* Main.storyboard in Resources */,
			);
			runOnlyForDeploymentPostprocessing = 0;
		};
/* End PBXResourcesBuildPhase section */

/* Begin PBXSourcesBuildPhase section */
		E0DA3A7F1D5E707700E639E9 /* Sources */ = {
			isa = PBXSourcesBuildPhase;
			buildActionMask = 2147483647;
			files = (
				E0DA3A891D5E707700E639E9 /* ViewController.swift in Sources */,
				E0DA3A871D5E707700E639E9 /* AppDelegate.swift in Sources */,
			);
			runOnlyForDeploymentPostprocessing = 0;
		};
/* End PBXSourcesBuildPhase section */

/* Begin PBXVariantGroup section */
		E0DA3A8A1D5E707700E639E9 /* Main.storyboard */ = {
			isa = PBXVariantGroup;
			children = (
				E0DA3A8B1D5E707700E639E9 /* Base */,
			);
			name = Main.storyboard;
			sourceTree = "<group>";
		};
		E0DA3A8F1D5E707700E639E9 /* LaunchScreen.storyboard */ = {
			isa = PBXVariantGroup;
			children = (
				E0DA3A901D5E707700E639E9 /* Base */,
			);
			name = LaunchScreen.storyboard;
			sourceTree = "<group>";
		};
/* End PBXVariantGroup section */

/* Begin XCBuildConfiguration section */
		E0DA3A931D5E707700E639E9 /* Debug */ = {
			isa = XCBuildConfiguration;
			buildSettings = {
				ALWAYS_SEARCH_USER_PATHS = NO;
				CLANG_ANALYZER_NONNULL = YES;
				CLANG_CXX_LANGUAGE_STANDARD = "gnu++0x";
				CLANG_CXX_LIBRARY = "libc++";
				CLANG_ENABLE_MODULES = YES;
				CLANG_ENABLE_OBJC_ARC = YES;
				CLANG_WARN_BOOL_CONVERSION = YES;
				CLANG_WARN_CONSTANT_CONVERSION = YES;
				CLANG_WARN_DIRECT_OBJC_ISA_USAGE = YES_ERROR;
				CLANG_WARN_EMPTY_BODY = YES;
				CLANG_WARN_ENUM_CONVERSION = YES;
				CLANG_WARN_INT_CONVERSION = YES;
				CLANG_WARN_OBJC_ROOT_CLASS = YES_ERROR;
				CLANG_WARN_UNREACHABLE_CODE = YES;
				CLANG_WARN__DUPLICATE_METHOD_MATCH = YES;
				"CODE_SIGN_IDENTITY[sdk=iphoneos*]" = "iPhone Developer";
				COPY_PHASE_STRIP = NO;
				DEBUG_INFORMATION_FORMAT = dwarf;
				ENABLE_STRICT_OBJC_MSGSEND = YES;
				ENABLE_TESTABILITY = YES;
				GCC_C_LANGUAGE_STANDARD = gnu99;
				GCC_DYNAMIC_NO_PIC = NO;
				GCC_NO_COMMON_BLOCKS = YES;
				GCC_OPTIMIZATION_LEVEL = 0;
				GCC_PREPROCESSOR_DEFINITIONS = (
					"DEBUG=1",
					"$(inherited)",
				);
				GCC_WARN_64_TO_32_BIT_CONVERSION = YES;
				GCC_WARN_ABOUT_RETURN_TYPE = YES_ERROR;
				GCC_WARN_UNDECLARED_SELECTOR = YES;
				GCC_WARN_UNINITIALIZED_AUTOS = YES_AGGRESSIVE;
				GCC_WARN_UNUSED_FUNCTION = YES;
				GCC_WARN_UNUSED_VARIABLE = YES;
				IPHONEOS_DEPLOYMENT_TARGET = 9.3;
				MTL_ENABLE_DEBUG_INFO = YES;
				ONLY_ACTIVE_ARCH = YES;
				SDKROOT = iphoneos;
				SWIFT_OPTIMIZATION_LEVEL = "-Onone";
				TARGETED_DEVICE_FAMILY = "1,2";
			};
			name = Debug;
		};
		E0DA3A941D5E707700E639E9 /* Release */ = {
			isa = XCBuildConfiguration;
			buildSettings = {
				ALWAYS_SEARCH_USER_PATHS = NO;
				CLANG_ANALYZER_NONNULL = YES;
				CLANG_CXX_LANGUAGE_STANDARD = "gnu++0x";
				CLANG_CXX_LIBRARY = "libc++";
				CLANG_ENABLE_MODULES = YES;
				CLANG_ENABLE_OBJC_ARC = YES;
				CLANG_WARN_BOOL_CONVERSION = YES;
				CLANG_WARN_CONSTANT_CONVERSION = YES;
				CLANG_WARN_DIRECT_OBJC_ISA_USAGE = YES_ERROR;
				CLANG_WARN_EMPTY_BODY = YES;
				CLANG_WARN_ENUM_CONVERSION = YES;
				CLANG_WARN_INT_CONVERSION = YES;
				CLANG_WARN_OBJC_ROOT_CLASS = YES_ERROR;
				CLANG_WARN_UNREACHABLE_CODE = YES;
				CLANG_WARN__DUPLICATE_METHOD_MATCH = YES;
				"CODE_SIGN_IDENTITY[sdk=iphoneos*]" = "iPhone Developer";
				COPY_PHASE_STRIP = NO;
				DEBUG_INFORMATION_FORMAT = "dwarf-with-dsym";
				ENABLE_NS_ASSERTIONS = NO;
				ENABLE_STRICT_OBJC_MSGSEND = YES;
				GCC_C_LANGUAGE_STANDARD = gnu99;
				GCC_NO_COMMON_BLOCKS = YES;
				GCC_WARN_64_TO_32_BIT_CONVERSION = YES;
				GCC_WARN_ABOUT_RETURN_TYPE = YES_ERROR;
				GCC_WARN_UNDECLARED_SELECTOR = YES;
				GCC_WARN_UNINITIALIZED_AUTOS = YES_AGGRESSIVE;
				GCC_WARN_UNUSED_FUNCTION = YES;
				GCC_WARN_UNUSED_VARIABLE = YES;
				IPHONEOS_DEPLOYMENT_TARGET = 9.3;
				MTL_ENABLE_DEBUG_INFO = NO;
				SDKROOT = iphoneos;
				TARGETED_DEVICE_FAMILY = "1,2";
				VALIDATE_PRODUCT = YES;
			};
			name = Release;
		};
		E0DA3A961D5E707700E639E9 /* Debug */ = {
			isa = XCBuildConfiguration;
			buildSettings = {
				ASSETCATALOG_COMPILER_APPICON_NAME = AppIcon;
				INFOPLIST_FILE = UpcomingMetalShows/Info.plist;
				LD_RUNPATH_SEARCH_PATHS = "$(inherited) @executable_path/Frameworks";
				PRODUCT_BUNDLE_IDENTIFIER = com.bignerdranch.UpcomingMetalShows;
				PRODUCT_NAME = "$(TARGET_NAME)";
			};
			name = Debug;
		};
		E0DA3A971D5E707700E639E9 /* Release */ = {
			isa = XCBuildConfiguration;
			buildSettings = {
				ASSETCATALOG_COMPILER_APPICON_NAME = AppIcon;
				INFOPLIST_FILE = UpcomingMetalShows/Info.plist;
				LD_RUNPATH_SEARCH_PATHS = "$(inherited) @executable_path/Frameworks";
				PRODUCT_BUNDLE_IDENTIFIER = com.bignerdranch.UpcomingMetalShows;
				PRODUCT_NAME = "$(TARGET_NAME)";
			};
			name = Release;
		};
/* End XCBuildConfiguration section */

/* Begin XCConfigurationList section */
		E0DA3A7E1D5E707700E639E9 /* Build configuration list for PBXProject "UpcomingMetalShows" */ = {
			isa = XCConfigurationList;
			buildConfigurations = (
				E0DA3A931D5E707700E639E9 /* Debug */,
				E0DA3A941D5E707700E639E9 /* Release */,
			);
			defaultConfigurationIsVisible = 0;
			defaultConfigurationName = Release;
		};
		E0DA3A951D5E707700E639E9 /* Build configuration list for PBXNativeTarget "UpcomingMetalShows" */ = {
			isa = XCConfigurationList;
			buildConfigurations = (
				E0DA3A961D5E707700E639E9 /* Debug */,
				E0DA3A971D5E707700E639E9 /* Release */,
			);
			defaultConfigurationIsVisible = 0;
		};
/* End XCConfigurationList section */
	};
	rootObject = E0DA3A7B1D5E707700E639E9 /* Project object */;
}
